// !$*UTF8*$!
{
	archiveVersion = 1;
	classes = {
	};
	objectVersion = 56;
	objects = {

/* Begin PBXBuildFile section */
		DF6DDC822C76FA5F00AB1A27 /* LandmarkRow.swift in Sources */ = {isa = PBXBuildFile; fileRef = DF6DDC812C76FA5F00AB1A27 /* LandmarkRow.swift */; };
		DF6DDC842C76FAEF00AB1A27 /* LandmarkList.swift in Sources */ = {isa = PBXBuildFile; fileRef = DF6DDC832C76FAEF00AB1A27 /* LandmarkList.swift */; };
		DF6DDC862C76FDBD00AB1A27 /* LandmarkDetail.swift in Sources */ = {isa = PBXBuildFile; fileRef = DF6DDC852C76FDBD00AB1A27 /* LandmarkDetail.swift */; };
		DFBE66472C75DE0E0068B9CF /* LandmarksApp.swift in Sources */ = {isa = PBXBuildFile; fileRef = DFBE66462C75DE0E0068B9CF /* LandmarksApp.swift */; };
		DFBE66492C75DE0E0068B9CF /* ContentView.swift in Sources */ = {isa = PBXBuildFile; fileRef = DFBE66482C75DE0E0068B9CF /* ContentView.swift */; };
		DFBE664B2C75DE0F0068B9CF /* Assets.xcassets in Resources */ = {isa = PBXBuildFile; fileRef = DFBE664A2C75DE0F0068B9CF /* Assets.xcassets */; };
		DFBE664E2C75DE0F0068B9CF /* Preview Assets.xcassets in Resources */ = {isa = PBXBuildFile; fileRef = DFBE664D2C75DE0F0068B9CF /* Preview Assets.xcassets */; };
		DFBE66592C75F6E30068B9CF /* landmarkData.json in Resources */ = {isa = PBXBuildFile; fileRef = DFBE66582C75F6E30068B9CF /* landmarkData.json */; };
		DFBE665B2C75F6F80068B9CF /* Landmark.swift in Sources */ = {isa = PBXBuildFile; fileRef = DFBE665A2C75F6F80068B9CF /* Landmark.swift */; };
		DFBE665D2C75F88B0068B9CF /* ModelData.swift in Sources */ = {isa = PBXBuildFile; fileRef = DFBE665C2C75F88B0068B9CF /* ModelData.swift */; };
		DFD49BCB2C771F14008CFFC7 /* MapView.swift in Sources */ = {isa = PBXBuildFile; fileRef = DFD49BC82C771F14008CFFC7 /* MapView.swift */; };
		DFD49BCC2C771F14008CFFC7 /* CircleImage.swift in Sources */ = {isa = PBXBuildFile; fileRef = DFD49BC92C771F14008CFFC7 /* CircleImage.swift */; };
		DFD49BCD2C771F14008CFFC7 /* FavoriteButton.swift in Sources */ = {isa = PBXBuildFile; fileRef = DFD49BCA2C771F14008CFFC7 /* FavoriteButton.swift */; };
		DFD49BCF2C773B58008CFFC7 /* HexagonParameters.swift in Sources */ = {isa = PBXBuildFile; fileRef = DFD49BCE2C773B58008CFFC7 /* HexagonParameters.swift */; };
		DFD49BD12C773DD5008CFFC7 /* BadgeBackground.swift in Sources */ = {isa = PBXBuildFile; fileRef = DFD49BD02C773DD5008CFFC7 /* BadgeBackground.swift */; };
		DFD49BD32C774276008CFFC7 /* BadgeSymbol.swift in Sources */ = {isa = PBXBuildFile; fileRef = DFD49BD22C774276008CFFC7 /* BadgeSymbol.swift */; };
/* End PBXBuildFile section */

/* Begin PBXFileReference section */
		DF6DDC812C76FA5F00AB1A27 /* LandmarkRow.swift */ = {isa = PBXFileReference; lastKnownFileType = sourcecode.swift; path = LandmarkRow.swift; sourceTree = "<group>"; };
		DF6DDC832C76FAEF00AB1A27 /* LandmarkList.swift */ = {isa = PBXFileReference; lastKnownFileType = sourcecode.swift; path = LandmarkList.swift; sourceTree = "<group>"; };
		DF6DDC852C76FDBD00AB1A27 /* LandmarkDetail.swift */ = {isa = PBXFileReference; lastKnownFileType = sourcecode.swift; path = LandmarkDetail.swift; sourceTree = "<group>"; };
		DFBE66432C75DE0E0068B9CF /* Landmarks.app */ = {isa = PBXFileReference; explicitFileType = wrapper.application; includeInIndex = 0; path = Landmarks.app; sourceTree = BUILT_PRODUCTS_DIR; };
		DFBE66462C75DE0E0068B9CF /* LandmarksApp.swift */ = {isa = PBXFileReference; lastKnownFileType = sourcecode.swift; path = LandmarksApp.swift; sourceTree = "<group>"; };
		DFBE66482C75DE0E0068B9CF /* ContentView.swift */ = {isa = PBXFileReference; lastKnownFileType = sourcecode.swift; path = ContentView.swift; sourceTree = "<group>"; };
		DFBE664A2C75DE0F0068B9CF /* Assets.xcassets */ = {isa = PBXFileReference; lastKnownFileType = folder.assetcatalog; path = Assets.xcassets; sourceTree = "<group>"; };
		DFBE664D2C75DE0F0068B9CF /* Preview Assets.xcassets */ = {isa = PBXFileReference; lastKnownFileType = folder.assetcatalog; path = "Preview Assets.xcassets"; sourceTree = "<group>"; };
		DFBE66582C75F6E30068B9CF /* landmarkData.json */ = {isa = PBXFileReference; fileEncoding = 4; lastKnownFileType = text.json; path = landmarkData.json; sourceTree = "<group>"; };
		DFBE665A2C75F6F80068B9CF /* Landmark.swift */ = {isa = PBXFileReference; lastKnownFileType = sourcecode.swift; path = Landmark.swift; sourceTree = "<group>"; };
		DFBE665C2C75F88B0068B9CF /* ModelData.swift */ = {isa = PBXFileReference; lastKnownFileType = sourcecode.swift; path = ModelData.swift; sourceTree = "<group>"; };
		DFD49BC82C771F14008CFFC7 /* MapView.swift */ = {isa = PBXFileReference; fileEncoding = 4; lastKnownFileType = sourcecode.swift; path = MapView.swift; sourceTree = "<group>"; };
		DFD49BC92C771F14008CFFC7 /* CircleImage.swift */ = {isa = PBXFileReference; fileEncoding = 4; lastKnownFileType = sourcecode.swift; path = CircleImage.swift; sourceTree = "<group>"; };
		DFD49BCA2C771F14008CFFC7 /* FavoriteButton.swift */ = {isa = PBXFileReference; fileEncoding = 4; lastKnownFileType = sourcecode.swift; path = FavoriteButton.swift; sourceTree = "<group>"; };
		DFD49BCE2C773B58008CFFC7 /* HexagonParameters.swift */ = {isa = PBXFileReference; lastKnownFileType = sourcecode.swift; path = HexagonParameters.swift; sourceTree = "<group>"; };
		DFD49BD02C773DD5008CFFC7 /* BadgeBackground.swift */ = {isa = PBXFileReference; lastKnownFileType = sourcecode.swift; path = BadgeBackground.swift; sourceTree = "<group>"; };
		DFD49BD22C774276008CFFC7 /* BadgeSymbol.swift */ = {isa = PBXFileReference; lastKnownFileType = sourcecode.swift; path = BadgeSymbol.swift; sourceTree = "<group>"; };
/* End PBXFileReference section */

/* Begin PBXFrameworksBuildPhase section */
		DFBE66402C75DE0E0068B9CF /* Frameworks */ = {
			isa = PBXFrameworksBuildPhase;
			buildActionMask = 2147483647;
			files = (
			);
			runOnlyForDeploymentPostprocessing = 0;
		};
/* End PBXFrameworksBuildPhase section */

/* Begin PBXGroup section */
		DF6DDC7B2C76F9AE00AB1A27 /* Views */ = {
			isa = PBXGroup;
			children = (
				DF6DDC8A2C771C9400AB1A27 /* Landmarks */,
				DFD49BC72C771F14008CFFC7 /* Helpers */,
				DFBE66482C75DE0E0068B9CF /* ContentView.swift */,
				DFD49BCE2C773B58008CFFC7 /* HexagonParameters.swift */,
				DFD49BD02C773DD5008CFFC7 /* BadgeBackground.swift */,
				DFD49BD22C774276008CFFC7 /* BadgeSymbol.swift */,
			);
			path = Views;
			sourceTree = "<group>";
		};
		DF6DDC7C2C76F9BD00AB1A27 /* MOdel */ = {
			isa = PBXGroup;
			children = (
				DFBE665A2C75F6F80068B9CF /* Landmark.swift */,
				DFBE665C2C75F88B0068B9CF /* ModelData.swift */,
			);
			path = MOdel;
			sourceTree = "<group>";
		};
		DF6DDC7E2C76FA2800AB1A27 /* Res */ = {
			isa = PBXGroup;
			children = (
				DFBE66582C75F6E30068B9CF /* landmarkData.json */,
			);
			path = Res;
			sourceTree = "<group>";
		};
		DF6DDC8A2C771C9400AB1A27 /* Landmarks */ = {
			isa = PBXGroup;
			children = (
				DF6DDC852C76FDBD00AB1A27 /* LandmarkDetail.swift */,
				DF6DDC832C76FAEF00AB1A27 /* LandmarkList.swift */,
				DF6DDC812C76FA5F00AB1A27 /* LandmarkRow.swift */,
			);
			path = Landmarks;
			sourceTree = "<group>";
		};
		DFBE663A2C75DE0E0068B9CF = {
			isa = PBXGroup;
			children = (
				DFBE66452C75DE0E0068B9CF /* Landmarks */,
				DFBE66442C75DE0E0068B9CF /* Products */,
			);
			sourceTree = "<group>";
		};
		DFBE66442C75DE0E0068B9CF /* Products */ = {
			isa = PBXGroup;
			children = (
				DFBE66432C75DE0E0068B9CF /* Landmarks.app */,
			);
			name = Products;
			sourceTree = "<group>";
		};
		DFBE66452C75DE0E0068B9CF /* Landmarks */ = {
			isa = PBXGroup;
			children = (
				DFBE66462C75DE0E0068B9CF /* LandmarksApp.swift */,
				DF6DDC7E2C76FA2800AB1A27 /* Res */,
				DF6DDC7B2C76F9AE00AB1A27 /* Views */,
				DF6DDC7C2C76F9BD00AB1A27 /* MOdel */,
				DFBE664A2C75DE0F0068B9CF /* Assets.xcassets */,
				DFBE664C2C75DE0F0068B9CF /* Preview Content */,
			);
			path = Landmarks;
			sourceTree = "<group>";
		};
		DFBE664C2C75DE0F0068B9CF /* Preview Content */ = {
			isa = PBXGroup;
			children = (
				DFBE664D2C75DE0F0068B9CF /* Preview Assets.xcassets */,
			);
			path = "Preview Content";
			sourceTree = "<group>";
		};
		DFD49BC72C771F14008CFFC7 /* Helpers */ = {
			isa = PBXGroup;
			children = (
				DFD49BC82C771F14008CFFC7 /* MapView.swift */,
				DFD49BC92C771F14008CFFC7 /* CircleImage.swift */,
				DFD49BCA2C771F14008CFFC7 /* FavoriteButton.swift */,
			);
			path = Helpers;
			sourceTree = "<group>";
		};
/* End PBXGroup section */

/* Begin PBXNativeTarget section */
		DFBE66422C75DE0E0068B9CF /* Landmarks */ = {
			isa = PBXNativeTarget;
			buildConfigurationList = DFBE66512C75DE0F0068B9CF /* Build configuration list for PBXNativeTarget "Landmarks" */;
			buildPhases = (
				DFBE663F2C75DE0E0068B9CF /* Sources */,
				DFBE66402C75DE0E0068B9CF /* Frameworks */,
				DFBE66412C75DE0E0068B9CF /* Resources */,
			);
			buildRules = (
			);
			dependencies = (
			);
			name = Landmarks;
			productName = Landmarks;
			productReference = DFBE66432C75DE0E0068B9CF /* Landmarks.app */;
			productType = "com.apple.product-type.application";
		};
/* End PBXNativeTarget section */

/* Begin PBXProject section */
		DFBE663B2C75DE0E0068B9CF /* Project object */ = {
			isa = PBXProject;
			attributes = {
				BuildIndependentTargetsInParallel = 1;
				LastSwiftUpdateCheck = 1520;
				LastUpgradeCheck = 1520;
				TargetAttributes = {
					DFBE66422C75DE0E0068B9CF = {
						CreatedOnToolsVersion = 15.2;
					};
				};
			};
			buildConfigurationList = DFBE663E2C75DE0E0068B9CF /* Build configuration list for PBXProject "Landmarks" */;
			compatibilityVersion = "Xcode 14.0";
			developmentRegion = en;
			hasScannedForEncodings = 0;
			knownRegions = (
				en,
				Base,
			);
			mainGroup = DFBE663A2C75DE0E0068B9CF;
			productRefGroup = DFBE66442C75DE0E0068B9CF /* Products */;
			projectDirPath = "";
			projectRoot = "";
			targets = (
				DFBE66422C75DE0E0068B9CF /* Landmarks */,
			);
		};
/* End PBXProject section */

/* Begin PBXResourcesBuildPhase section */
		DFBE66412C75DE0E0068B9CF /* Resources */ = {
			isa = PBXResourcesBuildPhase;
			buildActionMask = 2147483647;
			files = (
				DFBE664E2C75DE0F0068B9CF /* Preview Assets.xcassets in Resources */,
				DFBE664B2C75DE0F0068B9CF /* Assets.xcassets in Resources */,
				DFBE66592C75F6E30068B9CF /* landmarkData.json in Resources */,
			);
			runOnlyForDeploymentPostprocessing = 0;
		};
/* End PBXResourcesBuildPhase section */

/* Begin PBXSourcesBuildPhase section */
		DFBE663F2C75DE0E0068B9CF /* Sources */ = {
			isa = PBXSourcesBuildPhase;
			buildActionMask = 2147483647;
			files = (
				DFBE66492C75DE0E0068B9CF /* ContentView.swift in Sources */,
				DFD49BCB2C771F14008CFFC7 /* MapView.swift in Sources */,
				DFBE66472C75DE0E0068B9CF /* LandmarksApp.swift in Sources */,
				DFD49BCD2C771F14008CFFC7 /* FavoriteButton.swift in Sources */,
				DFD49BCF2C773B58008CFFC7 /* HexagonParameters.swift in Sources */,
				DFD49BD32C774276008CFFC7 /* BadgeSymbol.swift in Sources */,
				DF6DDC842C76FAEF00AB1A27 /* LandmarkList.swift in Sources */,
				DF6DDC862C76FDBD00AB1A27 /* LandmarkDetail.swift in Sources */,
				DFD49BD12C773DD5008CFFC7 /* BadgeBackground.swift in Sources */,
				DFD49BCC2C771F14008CFFC7 /* CircleImage.swift in Sources */,
				DFBE665B2C75F6F80068B9CF /* Landmark.swift in Sources */,
				DF6DDC822C76FA5F00AB1A27 /* LandmarkRow.swift in Sources */,
				DFBE665D2C75F88B0068B9CF /* ModelData.swift in Sources */,
			);
			runOnlyForDeploymentPostprocessing = 0;
		};
/* End PBXSourcesBuildPhase section */

/* Begin XCBuildConfiguration section */
		DFBE664F2C75DE0F0068B9CF /* Debug */ = {
			isa = XCBuildConfiguration;
			buildSettings = {
				ALWAYS_SEARCH_USER_PATHS = NO;
				ASSETCATALOG_COMPILER_GENERATE_SWIFT_ASSET_SYMBOL_EXTENSIONS = YES;
				CLANG_ANALYZER_NONNULL = YES;
				CLANG_ANALYZER_NUMBER_OBJECT_CONVERSION = YES_AGGRESSIVE;
				CLANG_CXX_LANGUAGE_STANDARD = "gnu++20";
				CLANG_ENABLE_MODULES = YES;
				CLANG_ENABLE_OBJC_ARC = YES;
				CLANG_ENABLE_OBJC_WEAK = YES;
				CLANG_WARN_BLOCK_CAPTURE_AUTORELEASING = YES;
				CLANG_WARN_BOOL_CONVERSION = YES;
				CLANG_WARN_COMMA = YES;
				CLANG_WARN_CONSTANT_CONVERSION = YES;
				CLANG_WARN_DEPRECATED_OBJC_IMPLEMENTATIONS = YES;
				CLANG_WARN_DIRECT_OBJC_ISA_USAGE = YES_ERROR;
				CLANG_WARN_DOCUMENTATION_COMMENTS = YES;
				CLANG_WARN_EMPTY_BODY = YES;
				CLANG_WARN_ENUM_CONVERSION = YES;
				CLANG_WARN_INFINITE_RECURSION = YES;
				CLANG_WARN_INT_CONVERSION = YES;
				CLANG_WARN_NON_LITERAL_NULL_CONVERSION = YES;
				CLANG_WARN_OBJC_IMPLICIT_RETAIN_SELF = YES;
				CLANG_WARN_OBJC_LITERAL_CONVERSION = YES;
				CLANG_WARN_OBJC_ROOT_CLASS = YES_ERROR;
				CLANG_WARN_QUOTED_INCLUDE_IN_FRAMEWORK_HEADER = YES;
				CLANG_WARN_RANGE_LOOP_ANALYSIS = YES;
				CLANG_WARN_STRICT_PROTOTYPES = YES;
				CLANG_WARN_SUSPICIOUS_MOVE = YES;
				CLANG_WARN_UNGUARDED_AVAILABILITY = YES_AGGRESSIVE;
				CLANG_WARN_UNREACHABLE_CODE = YES;
				CLANG_WARN__DUPLICATE_METHOD_MATCH = YES;
				COPY_PHASE_STRIP = NO;
				DEBUG_INFORMATION_FORMAT = dwarf;
				ENABLE_STRICT_OBJC_MSGSEND = YES;
				ENABLE_TESTABILITY = YES;
				ENABLE_USER_SCRIPT_SANDBOXING = YES;
				GCC_C_LANGUAGE_STANDARD = gnu17;
				GCC_DYNAMIC_NO_PIC = NO;
				GCC_NO_COMMON_BLOCKS = YES;
				GCC_OPTIMIZATION_LEVEL = 0;
				GCC_PREPROCESSOR_DEFINITIONS = (
					"DEBUG=1",
					"$(inherited)",
				);
				GCC_WARN_64_TO_32_BIT_CONVERSION = YES;
				GCC_WARN_ABOUT_RETURN_TYPE = YES_ERROR;
				GCC_WARN_UNDECLARED_SELECTOR = YES;
				GCC_WARN_UNINITIALIZED_AUTOS = YES_AGGRESSIVE;
				GCC_WARN_UNUSED_FUNCTION = YES;
				GCC_WARN_UNUSED_VARIABLE = YES;
				IPHONEOS_DEPLOYMENT_TARGET = 17.2;
				LOCALIZATION_PREFERS_STRING_CATALOGS = YES;
				MTL_ENABLE_DEBUG_INFO = INCLUDE_SOURCE;
				MTL_FAST_MATH = YES;
				ONLY_ACTIVE_ARCH = YES;
				SDKROOT = iphoneos;
				SWIFT_ACTIVE_COMPILATION_CONDITIONS = "DEBUG $(inherited)";
				SWIFT_OPTIMIZATION_LEVEL = "-Onone";
			};
			name = Debug;
		};
		DFBE66502C75DE0F0068B9CF /* Release */ = {
			isa = XCBuildConfiguration;
			buildSettings = {
				ALWAYS_SEARCH_USER_PATHS = NO;
				ASSETCATALOG_COMPILER_GENERATE_SWIFT_ASSET_SYMBOL_EXTENSIONS = YES;
				CLANG_ANALYZER_NONNULL = YES;
				CLANG_ANALYZER_NUMBER_OBJECT_CONVERSION = YES_AGGRESSIVE;
				CLANG_CXX_LANGUAGE_STANDARD = "gnu++20";
				CLANG_ENABLE_MODULES = YES;
				CLANG_ENABLE_OBJC_ARC = YES;
				CLANG_ENABLE_OBJC_WEAK = YES;
				CLANG_WARN_BLOCK_CAPTURE_AUTORELEASING = YES;
				CLANG_WARN_BOOL_CONVERSION = YES;
				CLANG_WARN_COMMA = YES;
				CLANG_WARN_CONSTANT_CONVERSION = YES;
				CLANG_WARN_DEPRECATED_OBJC_IMPLEMENTATIONS = YES;
				CLANG_WARN_DIRECT_OBJC_ISA_USAGE = YES_ERROR;
				CLANG_WARN_DOCUMENTATION_COMMENTS = YES;
				CLANG_WARN_EMPTY_BODY = YES;
				CLANG_WARN_ENUM_CONVERSION = YES;
				CLANG_WARN_INFINITE_RECURSION = YES;
				CLANG_WARN_INT_CONVERSION = YES;
				CLANG_WARN_NON_LITERAL_NULL_CONVERSION = YES;
				CLANG_WARN_OBJC_IMPLICIT_RETAIN_SELF = YES;
				CLANG_WARN_OBJC_LITERAL_CONVERSION = YES;
				CLANG_WARN_OBJC_ROOT_CLASS = YES_ERROR;
				CLANG_WARN_QUOTED_INCLUDE_IN_FRAMEWORK_HEADER = YES;
				CLANG_WARN_RANGE_LOOP_ANALYSIS = YES;
				CLANG_WARN_STRICT_PROTOTYPES = YES;
				CLANG_WARN_SUSPICIOUS_MOVE = YES;
				CLANG_WARN_UNGUARDED_AVAILABILITY = YES_AGGRESSIVE;
				CLANG_WARN_UNREACHABLE_CODE = YES;
				CLANG_WARN__DUPLICATE_METHOD_MATCH = YES;
				COPY_PHASE_STRIP = NO;
				DEBUG_INFORMATION_FORMAT = "dwarf-with-dsym";
				ENABLE_NS_ASSERTIONS = NO;
				ENABLE_STRICT_OBJC_MSGSEND = YES;
				ENABLE_USER_SCRIPT_SANDBOXING = YES;
				GCC_C_LANGUAGE_STANDARD = gnu17;
				GCC_NO_COMMON_BLOCKS = YES;
				GCC_WARN_64_TO_32_BIT_CONVERSION = YES;
				GCC_WARN_ABOUT_RETURN_TYPE = YES_ERROR;
				GCC_WARN_UNDECLARED_SELECTOR = YES;
				GCC_WARN_UNINITIALIZED_AUTOS = YES_AGGRESSIVE;
				GCC_WARN_UNUSED_FUNCTION = YES;
				GCC_WARN_UNUSED_VARIABLE = YES;
				IPHONEOS_DEPLOYMENT_TARGET = 17.2;
				LOCALIZATION_PREFERS_STRING_CATALOGS = YES;
				MTL_ENABLE_DEBUG_INFO = NO;
				MTL_FAST_MATH = YES;
				SDKROOT = iphoneos;
				SWIFT_COMPILATION_MODE = wholemodule;
				VALIDATE_PRODUCT = YES;
			};
			name = Release;
		};
		DFBE66522C75DE0F0068B9CF /* Debug */ = {
			isa = XCBuildConfiguration;
			buildSettings = {
				ASSETCATALOG_COMPILER_APPICON_NAME = AppIcon;
				ASSETCATALOG_COMPILER_GLOBAL_ACCENT_COLOR_NAME = AccentColor;
				CODE_SIGN_STYLE = Automatic;
				CURRENT_PROJECT_VERSION = 1;
				DEVELOPMENT_ASSET_PATHS = "\"Landmarks/Preview Content\"";
				DEVELOPMENT_TEAM = 8WRR7U75XT;
				ENABLE_PREVIEWS = YES;
				GENERATE_INFOPLIST_FILE = YES;
				INFOPLIST_KEY_UIApplicationSceneManifest_Generation = YES;
				INFOPLIST_KEY_UIApplicationSupportsIndirectInputEvents = YES;
				INFOPLIST_KEY_UILaunchScreen_Generation = YES;
				INFOPLIST_KEY_UISupportedInterfaceOrientations_iPad = "UIInterfaceOrientationPortrait UIInterfaceOrientationPortraitUpsideDown UIInterfaceOrientationLandscapeLeft UIInterfaceOrientationLandscapeRight";
				INFOPLIST_KEY_UISupportedInterfaceOrientations_iPhone = "UIInterfaceOrientationPortrait UIInterfaceOrientationLandscapeLeft UIInterfaceOrientationLandscapeRight";
				LD_RUNPATH_SEARCH_PATHS = (
					"$(inherited)",
					"@executable_path/Frameworks",
				);
				MARKETING_VERSION = 1.0;
				PRODUCT_BUNDLE_IDENTIFIER = tomoya.hirawa.Landmarks;
				PRODUCT_NAME = "$(TARGET_NAME)";
				SWIFT_EMIT_LOC_STRINGS = YES;
				SWIFT_VERSION = 5.0;
				TARGETED_DEVICE_FAMILY = "1,2";
			};
			name = Debug;
		};
		DFBE66532C75DE0F0068B9CF /* Release */ = {
			isa = XCBuildConfiguration;
			buildSettings = {
				ASSETCATALOG_COMPILER_APPICON_NAME = AppIcon;
				ASSETCATALOG_COMPILER_GLOBAL_ACCENT_COLOR_NAME = AccentColor;
				CODE_SIGN_STYLE = Automatic;
				CURRENT_PROJECT_VERSION = 1;
				DEVELOPMENT_ASSET_PATHS = "\"Landmarks/Preview Content\"";
				DEVELOPMENT_TEAM = 8WRR7U75XT;
				ENABLE_PREVIEWS = YES;
				GENERATE_INFOPLIST_FILE = YES;
				INFOPLIST_KEY_UIApplicationSceneManifest_Generation = YES;
				INFOPLIST_KEY_UIApplicationSupportsIndirectInputEvents = YES;
				INFOPLIST_KEY_UILaunchScreen_Generation = YES;
				INFOPLIST_KEY_UISupportedInterfaceOrientations_iPad = "UIInterfaceOrientationPortrait UIInterfaceOrientationPortraitUpsideDown UIInterfaceOrientationLandscapeLeft UIInterfaceOrientationLandscapeRight";
				INFOPLIST_KEY_UISupportedInterfaceOrientations_iPhone = "UIInterfaceOrientationPortrait UIInterfaceOrientationLandscapeLeft UIInterfaceOrientationLandscapeRight";
				LD_RUNPATH_SEARCH_PATHS = (
					"$(inherited)",
					"@executable_path/Frameworks",
				);
				MARKETING_VERSION = 1.0;
				PRODUCT_BUNDLE_IDENTIFIER = tomoya.hirawa.Landmarks;
				PRODUCT_NAME = "$(TARGET_NAME)";
				SWIFT_EMIT_LOC_STRINGS = YES;
				SWIFT_VERSION = 5.0;
				TARGETED_DEVICE_FAMILY = "1,2";
			};
			name = Release;
		};
/* End XCBuildConfiguration section */

/* Begin XCConfigurationList section */
		DFBE663E2C75DE0E0068B9CF /* Build configuration list for PBXProject "Landmarks" */ = {
			isa = XCConfigurationList;
			buildConfigurations = (
				DFBE664F2C75DE0F0068B9CF /* Debug */,
				DFBE66502C75DE0F0068B9CF /* Release */,
			);
			defaultConfigurationIsVisible = 0;
			defaultConfigurationName = Release;
		};
		DFBE66512C75DE0F0068B9CF /* Build configuration list for PBXNativeTarget "Landmarks" */ = {
			isa = XCConfigurationList;
			buildConfigurations = (
				DFBE66522C75DE0F0068B9CF /* Debug */,
				DFBE66532C75DE0F0068B9CF /* Release */,
			);
			defaultConfigurationIsVisible = 0;
			defaultConfigurationName = Release;
		};
/* End XCConfigurationList section */
	};
	rootObject = DFBE663B2C75DE0E0068B9CF /* Project object */;
}
